// !$*UTF8*$!
{
	archiveVersion = 1;
	classes = {
	};
	objectVersion = 54;
	objects = {

/* Begin PBXBuildFile section */
		546DFDDA2665C34C0005F05E /* main.cpp in Sources */ = {isa = PBXBuildFile; fileRef = 546DFDD92665C34C0005F05E /* main.cpp */; };
		DA65A3D826661A4200546D16 /* colorUtil.cpp in Sources */ = {isa = PBXBuildFile; fileRef = DA65A3D626661A4200546D16 /* colorUtil.cpp */; };
		DA69D433266897DB00D231FF /* cmdutils.cpp in Sources */ = {isa = PBXBuildFile; fileRef = DA69D431266897DB00D231FF /* cmdutils.cpp */; };
/* End PBXBuildFile section */

/* Begin PBXCopyFilesBuildPhase section */
		546DFDD42665C34C0005F05E /* CopyFiles */ = {
			isa = PBXCopyFilesBuildPhase;
			buildActionMask = 2147483647;
			dstPath = /usr/share/man/man1/;
			dstSubfolderSpec = 0;
			files = (
			);
			runOnlyForDeploymentPostprocessing = 1;
		};
/* End PBXCopyFilesBuildPhase section */

/* Begin PBXFileReference section */
		546DFDD62665C34C0005F05E /* video-to-ascii */ = {isa = PBXFileReference; explicitFileType = "compiled.mach-o.executable"; includeInIndex = 0; path = "video-to-ascii"; sourceTree = BUILT_PRODUCTS_DIR; };
		546DFDD92665C34C0005F05E /* main.cpp */ = {isa = PBXFileReference; indentWidth = 4; lastKnownFileType = sourcecode.cpp.cpp; path = main.cpp; sourceTree = "<group>"; wrapsLines = 1; };
		546DFDE02665D4D00005F05E /* video-to-ascii.entitlements */ = {isa = PBXFileReference; lastKnownFileType = text.plist.entitlements; path = "video-to-ascii.entitlements"; sourceTree = "<group>"; };
		DA65A3D626661A4200546D16 /* colorUtil.cpp */ = {isa = PBXFileReference; lastKnownFileType = sourcecode.cpp.cpp; path = colorUtil.cpp; sourceTree = "<group>"; };
		DA65A3D726661A4200546D16 /* colorUtil.hpp */ = {isa = PBXFileReference; lastKnownFileType = sourcecode.cpp.h; path = colorUtil.hpp; sourceTree = "<group>"; };
		DA69D431266897DB00D231FF /* cmdutils.cpp */ = {isa = PBXFileReference; lastKnownFileType = sourcecode.cpp.cpp; path = cmdutils.cpp; sourceTree = "<group>"; };
		DA69D432266897DB00D231FF /* cmdutils.hpp */ = {isa = PBXFileReference; lastKnownFileType = sourcecode.cpp.h; path = cmdutils.hpp; sourceTree = "<group>"; };
		DA69D4342668C4D300D231FF /* Structs.h */ = {isa = PBXFileReference; lastKnownFileType = sourcecode.c.h; path = Structs.h; sourceTree = "<group>"; };
		DA8BB63A266742EF003B41C2 /* lib */ = {isa = PBXFileReference; lastKnownFileType = folder; name = lib; path = ../../../../../../../usr/local/Cellar/ffmpeg/4.4_1/lib; sourceTree = "<group>"; };
		DA8BB63B26674369003B41C2 /* libavutil.a */ = {isa = PBXFileReference; lastKnownFileType = archive.ar; name = libavutil.a; path = ../../../../../../../usr/local/Cellar/ffmpeg/4.4_1/lib/libavutil.a; sourceTree = "<group>"; };
		DA8BB63C26674369003B41C2 /* libavcodec.a */ = {isa = PBXFileReference; lastKnownFileType = archive.ar; name = libavcodec.a; path = ../../../../../../../usr/local/Cellar/ffmpeg/4.4_1/lib/libavcodec.a; sourceTree = "<group>"; };
		DA8BB63D26674369003B41C2 /* libswscale.a */ = {isa = PBXFileReference; lastKnownFileType = archive.ar; name = libswscale.a; path = ../../../../../../../usr/local/Cellar/ffmpeg/4.4_1/lib/libswscale.a; sourceTree = "<group>"; };
		DA8BB63E26674369003B41C2 /* libavformat.a */ = {isa = PBXFileReference; lastKnownFileType = archive.ar; name = libavformat.a; path = ../../../../../../../usr/local/Cellar/ffmpeg/4.4_1/lib/libavformat.a; sourceTree = "<group>"; };
		DA8BB63F26674369003B41C2 /* libswresample.a */ = {isa = PBXFileReference; lastKnownFileType = archive.ar; name = libswresample.a; path = ../../../../../../../usr/local/Cellar/ffmpeg/4.4_1/lib/libswresample.a; sourceTree = "<group>"; };
		DA8BB643266743BB003B41C2 /* libavdevice.a */ = {isa = PBXFileReference; lastKnownFileType = archive.ar; name = libavdevice.a; path = ../../../../../../../usr/local/Cellar/ffmpeg/4.4_1/lib/libavdevice.a; sourceTree = "<group>"; };
		DA8BB6582667647F003B41C2 /* libvlccore.9.dylib */ = {isa = PBXFileReference; lastKnownFileType = "compiled.mach-o.dylib"; name = libvlccore.9.dylib; path = ../../../../../../../usr/local/Cellar/vlc/lib/libvlccore.9.dylib; sourceTree = "<group>"; };
		DA8BB6592667647F003B41C2 /* libvlc.5.dylib */ = {isa = PBXFileReference; lastKnownFileType = "compiled.mach-o.dylib"; name = libvlc.5.dylib; path = ../../../../../../../usr/local/Cellar/vlc/lib/libvlc.5.dylib; sourceTree = "<group>"; };
		DA8BB66626676550003B41C2 /* libvlc.dylib */ = {isa = PBXFileReference; lastKnownFileType = "compiled.mach-o.dylib"; name = libvlc.dylib; path = "video-to-ascii/libvlc.dylib"; sourceTree = "<group>"; };
		DA8BB66726676550003B41C2 /* libvlccore.dylib */ = {isa = PBXFileReference; lastKnownFileType = "compiled.mach-o.dylib"; name = libvlccore.dylib; path = "video-to-ascii/libvlccore.dylib"; sourceTree = "<group>"; };
		DA8BB676266772CF003B41C2 /* libSDL2-2.0.0.dylib */ = {isa = PBXFileReference; lastKnownFileType = "compiled.mach-o.dylib"; name = "libSDL2-2.0.0.dylib"; path = "../../../../../../../usr/local/Cellar/sdl2/2.0.14_1/lib/libSDL2-2.0.0.dylib"; sourceTree = "<group>"; };
		DA8BB6822667A5DB003B41C2 /* pkgconfig */ = {isa = PBXFileReference; lastKnownFileType = folder; name = pkgconfig; path = ../../../../../../../usr/local/Cellar/ffmpeg/4.4_1/lib/pkgconfig; sourceTree = "<group>"; };
		DA8BB6892667A5F3003B41C2 /* libavcodec.58.134.100.dylib */ = {isa = PBXFileReference; lastKnownFileType = "compiled.mach-o.dylib"; name = libavcodec.58.134.100.dylib; path = ../../../../../../../usr/local/Cellar/ffmpeg/4.4_1/lib/libavcodec.58.134.100.dylib; sourceTree = "<group>"; };
		DA8BB68A2667A5F3003B41C2 /* libavutil.56.70.100.dylib */ = {isa = PBXFileReference; lastKnownFileType = "compiled.mach-o.dylib"; name = libavutil.56.70.100.dylib; path = ../../../../../../../usr/local/Cellar/ffmpeg/4.4_1/lib/libavutil.56.70.100.dylib; sourceTree = "<group>"; };
		DA8BB68B2667A5F3003B41C2 /* libpostproc.55.9.100.dylib */ = {isa = PBXFileReference; lastKnownFileType = "compiled.mach-o.dylib"; name = libpostproc.55.9.100.dylib; path = ../../../../../../../usr/local/Cellar/ffmpeg/4.4_1/lib/libpostproc.55.9.100.dylib; sourceTree = "<group>"; };
		DA8BB68C2667A5F3003B41C2 /* libavresample.a */ = {isa = PBXFileReference; lastKnownFileType = archive.ar; name = libavresample.a; path = ../../../../../../../usr/local/Cellar/ffmpeg/4.4_1/lib/libavresample.a; sourceTree = "<group>"; };
		DA8BB68D2667A5F3003B41C2 /* libswscale.5.9.100.dylib */ = {isa = PBXFileReference; lastKnownFileType = "compiled.mach-o.dylib"; name = libswscale.5.9.100.dylib; path = ../../../../../../../usr/local/Cellar/ffmpeg/4.4_1/lib/libswscale.5.9.100.dylib; sourceTree = "<group>"; };
		DA8BB68E2667A5F3003B41C2 /* libswresample.3.9.100.dylib */ = {isa = PBXFileReference; lastKnownFileType = "compiled.mach-o.dylib"; name = libswresample.3.9.100.dylib; path = ../../../../../../../usr/local/Cellar/ffmpeg/4.4_1/lib/libswresample.3.9.100.dylib; sourceTree = "<group>"; };
		DA8BB68F2667A5F3003B41C2 /* libpostproc.a */ = {isa = PBXFileReference; lastKnownFileType = archive.ar; name = libpostproc.a; path = ../../../../../../../usr/local/Cellar/ffmpeg/4.4_1/lib/libpostproc.a; sourceTree = "<group>"; };
		DA8BB6902667A5F3003B41C2 /* libavfilter.a */ = {isa = PBXFileReference; lastKnownFileType = archive.ar; name = libavfilter.a; path = ../../../../../../../usr/local/Cellar/ffmpeg/4.4_1/lib/libavfilter.a; sourceTree = "<group>"; };
		DA8BB6912667A5F3003B41C2 /* libavresample.4.0.0.dylib */ = {isa = PBXFileReference; lastKnownFileType = "compiled.mach-o.dylib"; name = libavresample.4.0.0.dylib; path = ../../../../../../../usr/local/Cellar/ffmpeg/4.4_1/lib/libavresample.4.0.0.dylib; sourceTree = "<group>"; };
		DA8BB6922667A5F3003B41C2 /* libavfilter.7.110.100.dylib */ = {isa = PBXFileReference; lastKnownFileType = "compiled.mach-o.dylib"; name = libavfilter.7.110.100.dylib; path = ../../../../../../../usr/local/Cellar/ffmpeg/4.4_1/lib/libavfilter.7.110.100.dylib; sourceTree = "<group>"; };
		DA8BB6932667A5F3003B41C2 /* libavformat.58.76.100.dylib */ = {isa = PBXFileReference; lastKnownFileType = "compiled.mach-o.dylib"; name = libavformat.58.76.100.dylib; path = ../../../../../../../usr/local/Cellar/ffmpeg/4.4_1/lib/libavformat.58.76.100.dylib; sourceTree = "<group>"; };
		DA8BB6942667A5F3003B41C2 /* libavdevice.58.13.100.dylib */ = {isa = PBXFileReference; lastKnownFileType = "compiled.mach-o.dylib"; name = libavdevice.58.13.100.dylib; path = ../../../../../../../usr/local/Cellar/ffmpeg/4.4_1/lib/libavdevice.58.13.100.dylib; sourceTree = "<group>"; };
/* End PBXFileReference section */

/* Begin PBXFrameworksBuildPhase section */
		546DFDD32665C34C0005F05E /* Frameworks */ = {
			isa = PBXFrameworksBuildPhase;
			buildActionMask = 2147483647;
			files = (
			);
			runOnlyForDeploymentPostprocessing = 0;
		};
/* End PBXFrameworksBuildPhase section */

/* Begin PBXGroup section */
		546DFDCD2665C34C0005F05E = {
			isa = PBXGroup;
			children = (
				546DFDD82665C34C0005F05E /* video-to-ascii */,
				546DFDD72665C34C0005F05E /* Products */,
				DA8BB639266742EF003B41C2 /* Frameworks */,
			);
			sourceTree = "<group>";
		};
		546DFDD72665C34C0005F05E /* Products */ = {
			isa = PBXGroup;
			children = (
				546DFDD62665C34C0005F05E /* video-to-ascii */,
			);
			name = Products;
			sourceTree = "<group>";
		};
		546DFDD82665C34C0005F05E /* video-to-ascii */ = {
			isa = PBXGroup;
			children = (
				546DFDE02665D4D00005F05E /* video-to-ascii.entitlements */,
				546DFDD92665C34C0005F05E /* main.cpp */,
				DA65A3D626661A4200546D16 /* colorUtil.cpp */,
				DA65A3D726661A4200546D16 /* colorUtil.hpp */,
				DA69D431266897DB00D231FF /* cmdutils.cpp */,
				DA69D432266897DB00D231FF /* cmdutils.hpp */,
				DA69D4342668C4D300D231FF /* Structs.h */,
			);
			path = "video-to-ascii";
			sourceTree = "<group>";
		};
		DA8BB639266742EF003B41C2 /* Frameworks */ = {
			isa = PBXGroup;
			children = (
				DA8BB6892667A5F3003B41C2 /* libavcodec.58.134.100.dylib */,
				DA8BB6942667A5F3003B41C2 /* libavdevice.58.13.100.dylib */,
				DA8BB6922667A5F3003B41C2 /* libavfilter.7.110.100.dylib */,
				DA8BB6902667A5F3003B41C2 /* libavfilter.a */,
				DA8BB6932667A5F3003B41C2 /* libavformat.58.76.100.dylib */,
				DA8BB6912667A5F3003B41C2 /* libavresample.4.0.0.dylib */,
				DA8BB68C2667A5F3003B41C2 /* libavresample.a */,
				DA8BB68A2667A5F3003B41C2 /* libavutil.56.70.100.dylib */,
				DA8BB68B2667A5F3003B41C2 /* libpostproc.55.9.100.dylib */,
				DA8BB68F2667A5F3003B41C2 /* libpostproc.a */,
				DA8BB68E2667A5F3003B41C2 /* libswresample.3.9.100.dylib */,
				DA8BB68D2667A5F3003B41C2 /* libswscale.5.9.100.dylib */,
				DA8BB6822667A5DB003B41C2 /* pkgconfig */,
				DA8BB676266772CF003B41C2 /* libSDL2-2.0.0.dylib */,
				DA8BB66626676550003B41C2 /* libvlc.dylib */,
				DA8BB66726676550003B41C2 /* libvlccore.dylib */,
				DA8BB6592667647F003B41C2 /* libvlc.5.dylib */,
				DA8BB6582667647F003B41C2 /* libvlccore.9.dylib */,
				DA8BB643266743BB003B41C2 /* libavdevice.a */,
				DA8BB63C26674369003B41C2 /* libavcodec.a */,
				DA8BB63E26674369003B41C2 /* libavformat.a */,
				DA8BB63B26674369003B41C2 /* libavutil.a */,
				DA8BB63F26674369003B41C2 /* libswresample.a */,
				DA8BB63D26674369003B41C2 /* libswscale.a */,
				DA8BB63A266742EF003B41C2 /* lib */,
			);
			name = Frameworks;
			sourceTree = "<group>";
		};
/* End PBXGroup section */

/* Begin PBXNativeTarget section */
		546DFDD52665C34C0005F05E /* video-to-ascii */ = {
			isa = PBXNativeTarget;
			buildConfigurationList = 546DFDDD2665C34C0005F05E /* Build configuration list for PBXNativeTarget "video-to-ascii" */;
			buildPhases = (
				546DFDD22665C34C0005F05E /* Sources */,
				546DFDD32665C34C0005F05E /* Frameworks */,
				546DFDD42665C34C0005F05E /* CopyFiles */,
			);
			buildRules = (
			);
			dependencies = (
			);
			name = "video-to-ascii";
			productName = "video-to-ascii";
			productReference = 546DFDD62665C34C0005F05E /* video-to-ascii */;
			productType = "com.apple.product-type.tool";
		};
/* End PBXNativeTarget section */

/* Begin PBXProject section */
		546DFDCE2665C34C0005F05E /* Project object */ = {
			isa = PBXProject;
			attributes = {
				LastUpgradeCheck = 1250;
				TargetAttributes = {
					546DFDD52665C34C0005F05E = {
						CreatedOnToolsVersion = 12.5;
					};
				};
			};
			buildConfigurationList = 546DFDD12665C34C0005F05E /* Build configuration list for PBXProject "video-to-ascii" */;
			compatibilityVersion = "Xcode 12.0";
			developmentRegion = en;
			hasScannedForEncodings = 0;
			knownRegions = (
				en,
				Base,
			);
			mainGroup = 546DFDCD2665C34C0005F05E;
			productRefGroup = 546DFDD72665C34C0005F05E /* Products */;
			projectDirPath = "";
			projectRoot = "";
			targets = (
				546DFDD52665C34C0005F05E /* video-to-ascii */,
			);
		};
/* End PBXProject section */

/* Begin PBXSourcesBuildPhase section */
		546DFDD22665C34C0005F05E /* Sources */ = {
			isa = PBXSourcesBuildPhase;
			buildActionMask = 2147483647;
			files = (
				546DFDDA2665C34C0005F05E /* main.cpp in Sources */,
				DA65A3D826661A4200546D16 /* colorUtil.cpp in Sources */,
				DA69D433266897DB00D231FF /* cmdutils.cpp in Sources */,
			);
			runOnlyForDeploymentPostprocessing = 0;
		};
/* End PBXSourcesBuildPhase section */

/* Begin XCBuildConfiguration section */
		546DFDDB2665C34C0005F05E /* Debug */ = {
			isa = XCBuildConfiguration;
			buildSettings = {
				ALWAYS_SEARCH_USER_PATHS = NO;
				CLANG_ANALYZER_NONNULL = YES;
				CLANG_ANALYZER_NUMBER_OBJECT_CONVERSION = YES_AGGRESSIVE;
				CLANG_CXX_LANGUAGE_STANDARD = "gnu++14";
				CLANG_CXX_LIBRARY = "libc++";
				CLANG_ENABLE_MODULES = YES;
				CLANG_ENABLE_OBJC_ARC = YES;
				CLANG_ENABLE_OBJC_WEAK = YES;
				CLANG_WARN_BLOCK_CAPTURE_AUTORELEASING = YES;
				CLANG_WARN_BOOL_CONVERSION = YES;
				CLANG_WARN_COMMA = YES;
				CLANG_WARN_CONSTANT_CONVERSION = YES;
				CLANG_WARN_DEPRECATED_OBJC_IMPLEMENTATIONS = YES;
				CLANG_WARN_DIRECT_OBJC_ISA_USAGE = YES_ERROR;
				CLANG_WARN_DOCUMENTATION_COMMENTS = YES;
				CLANG_WARN_EMPTY_BODY = YES;
				CLANG_WARN_ENUM_CONVERSION = YES;
				CLANG_WARN_INFINITE_RECURSION = YES;
				CLANG_WARN_INT_CONVERSION = YES;
				CLANG_WARN_NON_LITERAL_NULL_CONVERSION = YES;
				CLANG_WARN_OBJC_IMPLICIT_RETAIN_SELF = YES;
				CLANG_WARN_OBJC_LITERAL_CONVERSION = YES;
				CLANG_WARN_OBJC_ROOT_CLASS = YES_ERROR;
				CLANG_WARN_QUOTED_INCLUDE_IN_FRAMEWORK_HEADER = YES;
				CLANG_WARN_RANGE_LOOP_ANALYSIS = YES;
				CLANG_WARN_STRICT_PROTOTYPES = YES;
				CLANG_WARN_SUSPICIOUS_MOVE = YES;
				CLANG_WARN_UNGUARDED_AVAILABILITY = YES_AGGRESSIVE;
				CLANG_WARN_UNREACHABLE_CODE = YES;
				CLANG_WARN__DUPLICATE_METHOD_MATCH = YES;
				COPY_PHASE_STRIP = NO;
				DEBUG_INFORMATION_FORMAT = dwarf;
				ENABLE_STRICT_OBJC_MSGSEND = YES;
				ENABLE_TESTABILITY = YES;
				GCC_C_LANGUAGE_STANDARD = gnu11;
				GCC_DYNAMIC_NO_PIC = NO;
				GCC_NO_COMMON_BLOCKS = YES;
				GCC_OPTIMIZATION_LEVEL = fast;
				GCC_PREPROCESSOR_DEFINITIONS = (
					"DEBUG=1",
					"$(inherited)",
				);
				GCC_WARN_64_TO_32_BIT_CONVERSION = YES;
				GCC_WARN_ABOUT_RETURN_TYPE = YES_ERROR;
				GCC_WARN_UNDECLARED_SELECTOR = YES;
				GCC_WARN_UNINITIALIZED_AUTOS = YES_AGGRESSIVE;
				GCC_WARN_UNUSED_FUNCTION = YES;
				GCC_WARN_UNUSED_VARIABLE = YES;
				HEADER_SEARCH_PATHS = /usr/local/Cellar/opencv/4.5.2_4/include/opencv4;
				LIBRARY_SEARCH_PATHS = /usr/local/Cellar/opencv/4.5.2_4/lib;
				MACOSX_DEPLOYMENT_TARGET = 11.0;
				MTL_ENABLE_DEBUG_INFO = INCLUDE_SOURCE;
				MTL_FAST_MATH = YES;
				ONLY_ACTIVE_ARCH = YES;
				SDKROOT = macosx;
			};
			name = Debug;
		};
		546DFDDC2665C34C0005F05E /* Release */ = {
			isa = XCBuildConfiguration;
			buildSettings = {
				ALWAYS_SEARCH_USER_PATHS = NO;
				CLANG_ANALYZER_NONNULL = YES;
				CLANG_ANALYZER_NUMBER_OBJECT_CONVERSION = YES_AGGRESSIVE;
				CLANG_CXX_LANGUAGE_STANDARD = "gnu++14";
				CLANG_CXX_LIBRARY = "libc++";
				CLANG_ENABLE_MODULES = YES;
				CLANG_ENABLE_OBJC_ARC = YES;
				CLANG_ENABLE_OBJC_WEAK = YES;
				CLANG_WARN_BLOCK_CAPTURE_AUTORELEASING = YES;
				CLANG_WARN_BOOL_CONVERSION = YES;
				CLANG_WARN_COMMA = YES;
				CLANG_WARN_CONSTANT_CONVERSION = YES;
				CLANG_WARN_DEPRECATED_OBJC_IMPLEMENTATIONS = YES;
				CLANG_WARN_DIRECT_OBJC_ISA_USAGE = YES_ERROR;
				CLANG_WARN_DOCUMENTATION_COMMENTS = YES;
				CLANG_WARN_EMPTY_BODY = YES;
				CLANG_WARN_ENUM_CONVERSION = YES;
				CLANG_WARN_INFINITE_RECURSION = YES;
				CLANG_WARN_INT_CONVERSION = YES;
				CLANG_WARN_NON_LITERAL_NULL_CONVERSION = YES;
				CLANG_WARN_OBJC_IMPLICIT_RETAIN_SELF = YES;
				CLANG_WARN_OBJC_LITERAL_CONVERSION = YES;
				CLANG_WARN_OBJC_ROOT_CLASS = YES_ERROR;
				CLANG_WARN_QUOTED_INCLUDE_IN_FRAMEWORK_HEADER = YES;
				CLANG_WARN_RANGE_LOOP_ANALYSIS = YES;
				CLANG_WARN_STRICT_PROTOTYPES = YES;
				CLANG_WARN_SUSPICIOUS_MOVE = YES;
				CLANG_WARN_UNGUARDED_AVAILABILITY = YES_AGGRESSIVE;
				CLANG_WARN_UNREACHABLE_CODE = YES;
				CLANG_WARN__DUPLICATE_METHOD_MATCH = YES;
				COPY_PHASE_STRIP = NO;
				DEBUG_INFORMATION_FORMAT = "dwarf-with-dsym";
				ENABLE_NS_ASSERTIONS = NO;
				ENABLE_STRICT_OBJC_MSGSEND = YES;
				GCC_C_LANGUAGE_STANDARD = gnu11;
				GCC_NO_COMMON_BLOCKS = YES;
				GCC_OPTIMIZATION_LEVEL = fast;
				GCC_WARN_64_TO_32_BIT_CONVERSION = YES;
				GCC_WARN_ABOUT_RETURN_TYPE = YES_ERROR;
				GCC_WARN_UNDECLARED_SELECTOR = YES;
				GCC_WARN_UNINITIALIZED_AUTOS = YES_AGGRESSIVE;
				GCC_WARN_UNUSED_FUNCTION = YES;
				GCC_WARN_UNUSED_VARIABLE = YES;
				HEADER_SEARCH_PATHS = /usr/local/Cellar/opencv/4.5.2_4/include/opencv4;
				LIBRARY_SEARCH_PATHS = /usr/local/Cellar/opencv/4.5.2_4/lib;
				MACOSX_DEPLOYMENT_TARGET = 11.0;
				MTL_ENABLE_DEBUG_INFO = NO;
				MTL_FAST_MATH = YES;
				SDKROOT = macosx;
			};
			name = Release;
		};
		546DFDDE2665C34C0005F05E /* Debug */ = {
			isa = XCBuildConfiguration;
			buildSettings = {
				CODE_SIGN_ENTITLEMENTS = "video-to-ascii/video-to-ascii.entitlements";
				CODE_SIGN_IDENTITY = "-";
				CODE_SIGN_STYLE = Automatic;
				DEVELOPMENT_TEAM = Q382QLKDG3;
				ENABLE_HARDENED_RUNTIME = NO;
				HEADER_SEARCH_PATHS = (
					/usr/local/Cellar/opencv/4.5.2_4/include/opencv4,
					/usr/local/Cellar/vlc/include,
					/usr/local/Cellar/sdl2/2.0.14_1/include,
					/usr/local/Cellar/ffmpeg/4.4_1/include,
				);
				LIBRARY_SEARCH_PATHS = (
					/usr/local/Cellar/opencv/4.5.2_4/lib,
					/usr/local/Cellar/vlc/lib,
					"$(PROJECT_DIR)/video-to-ascii",
					/usr/local/Cellar/sdl2/2.0.14_1/lib,
				);
				OTHER_LDFLAGS = (
					"-lopencv_gapi",
					"-lopencv_stitching",
					"-lopencv_alphamat",
					"-lopencv_aruco",
					"-lopencv_bgsegm",
					"-lopencv_bioinspired",
					"-lopencv_ccalib",
					"-lopencv_dnn_objdetect",
					"-lopencv_dnn_superres",
					"-lopencv_dpm",
					"-lopencv_face",
					"-lopencv_freetype",
					"-lopencv_fuzzy",
					"-lopencv_hfs",
					"-lopencv_img_hash",
					"-lopencv_intensity_transform",
					"-lopencv_line_descriptor",
					"-lopencv_mcc",
					"-lopencv_quality",
					"-lopencv_rapid",
					"-lopencv_reg",
					"-lopencv_rgbd",
					"-lopencv_saliency",
					"-lopencv_sfm",
					"-lopencv_stereo",
					"-lopencv_structured_light",
					"-lopencv_phase_unwrapping",
					"-lopencv_superres",
					"-lopencv_optflow",
					"-lopencv_surface_matching",
					"-lopencv_tracking",
					"-lopencv_highgui",
					"-lopencv_datasets",
					"-lopencv_text",
					"-lopencv_plot",
					"-lopencv_videostab",
					"-lopencv_videoio",
					"-lopencv_viz",
					"-lopencv_wechat_qrcode",
					"-lopencv_xfeatures2d",
					"-lopencv_shape",
					"-lopencv_ml",
					"-lopencv_ximgproc",
					"-lopencv_video",
					"-lopencv_dnn",
					"-lopencv_xobjdetect",
					"-lopencv_objdetect",
					"-lopencv_calib3d",
					"-lopencv_imgcodecs",
					"-lopencv_features2d",
					"-lopencv_flann",
					"-lopencv_xphoto",
					"-lopencv_photo",
					"-lopencv_imgproc",
					"-lopencv_core",
					"-lopencv_gapi",
					"-lopencv_stitching",
					"-lopencv_alphamat",
					"-lopencv_aruco",
					"-lopencv_bgsegm",
					"-lopencv_bioinspired",
					"-lopencv_ccalib",
					"-lopencv_dnn_objdetect",
					"-lopencv_dnn_superres",
					"-lopencv_dpm",
					"-lopencv_face",
					"-lopencv_freetype",
					"-lopencv_fuzzy",
					"-lopencv_hfs",
					"-lopencv_img_hash",
					"-lopencv_intensity_transform",
					"-lopencv_line_descriptor",
					"-lopencv_mcc",
					"-lopencv_quality",
					"-lopencv_rapid",
					"-lopencv_reg",
					"-lopencv_rgbd",
					"-lopencv_saliency",
					"-lopencv_sfm",
					"-lopencv_stereo",
					"-lopencv_structured_light",
					"-lopencv_phase_unwrapping",
					"-lopencv_superres",
					"-lopencv_optflow",
					"-lopencv_surface_matching",
					"-lopencv_tracking",
					"-lopencv_highgui",
					"-lopencv_datasets",
					"-lopencv_text",
					"-lopencv_plot",
					"-lopencv_videostab",
					"-lopencv_videoio",
					"-lopencv_viz",
					"-lopencv_wechat_qrcode",
					"-lopencv_xfeatures2d",
					"-lopencv_shape",
					"-lopencv_ml",
					"-lopencv_ximgproc",
					"-lopencv_video",
					"-lopencv_dnn",
					"-lopencv_xobjdetect",
					"-lopencv_objdetect",
					"-lopencv_calib3d",
					"-lopencv_imgcodecs",
					"-lopencv_features2d",
					"-lopencv_flann",
					"-lopencv_xphoto",
					"-lopencv_photo",
					"-lopencv_imgproc",
					"-lopencv_core",
				);
				PRODUCT_NAME = "$(TARGET_NAME)";
			};
			name = Debug;
		};
		546DFDDF2665C34C0005F05E /* Release */ = {
			isa = XCBuildConfiguration;
			buildSettings = {
				CODE_SIGN_ENTITLEMENTS = "video-to-ascii/video-to-ascii.entitlements";
				CODE_SIGN_IDENTITY = "-";
				CODE_SIGN_STYLE = Automatic;
				DEVELOPMENT_TEAM = Q382QLKDG3;
				ENABLE_HARDENED_RUNTIME = NO;
				HEADER_SEARCH_PATHS = (
					/usr/local/Cellar/opencv/4.5.2_4/include/opencv4,
					/usr/local/Cellar/vlc/include,
					/usr/local/Cellar/sdl2/2.0.14_1/include,
					/usr/local/Cellar/ffmpeg/4.4_1/include,
				);
				LIBRARY_SEARCH_PATHS = (
					/usr/local/Cellar/opencv/4.5.2_4/lib,
					/usr/local/Cellar/vlc/lib,
					"$(PROJECT_DIR)/video-to-ascii",
					/usr/local/Cellar/sdl2/2.0.14_1/lib,
				);
				OTHER_LDFLAGS = (
					"-lopencv_gapi",
					"-lopencv_stitching",
					"-lopencv_alphamat",
					"-lopencv_aruco",
					"-lopencv_bgsegm",
					"-lopencv_bioinspired",
					"-lopencv_ccalib",
					"-lopencv_dnn_objdetect",
					"-lopencv_dnn_superres",
					"-lopencv_dpm",
					"-lopencv_face",
					"-lopencv_freetype",
					"-lopencv_fuzzy",
					"-lopencv_hfs",
					"-lopencv_img_hash",
					"-lopencv_intensity_transform",
					"-lopencv_line_descriptor",
					"-lopencv_mcc",
					"-lopencv_quality",
					"-lopencv_rapid",
					"-lopencv_reg",
					"-lopencv_rgbd",
					"-lopencv_saliency",
					"-lopencv_sfm",
					"-lopencv_stereo",
					"-lopencv_structured_light",
					"-lopencv_phase_unwrapping",
					"-lopencv_superres",
					"-lopencv_optflow",
					"-lopencv_surface_matching",
					"-lopencv_tracking",
					"-lopencv_highgui",
					"-lopencv_datasets",
					"-lopencv_text",
					"-lopencv_plot",
					"-lopencv_videostab",
					"-lopencv_videoio",
					"-lopencv_viz",
					"-lopencv_wechat_qrcode",
					"-lopencv_xfeatures2d",
					"-lopencv_shape",
					"-lopencv_ml",
					"-lopencv_ximgproc",
					"-lopencv_video",
					"-lopencv_dnn",
					"-lopencv_xobjdetect",
					"-lopencv_objdetect",
					"-lopencv_calib3d",
					"-lopencv_imgcodecs",
					"-lopencv_features2d",
					"-lopencv_flann",
					"-lopencv_xphoto",
					"-lopencv_photo",
					"-lopencv_imgproc",
					"-lopencv_core",
					"-lopencv_gapi",
					"-lopencv_stitching",
					"-lopencv_alphamat",
					"-lopencv_aruco",
					"-lopencv_bgsegm",
					"-lopencv_bioinspired",
					"-lopencv_ccalib",
					"-lopencv_dnn_objdetect",
					"-lopencv_dnn_superres",
					"-lopencv_dpm",
					"-lopencv_face",
					"-lopencv_freetype",
					"-lopencv_fuzzy",
					"-lopencv_hfs",
					"-lopencv_img_hash",
					"-lopencv_intensity_transform",
					"-lopencv_line_descriptor",
					"-lopencv_mcc",
					"-lopencv_quality",
					"-lopencv_rapid",
					"-lopencv_reg",
					"-lopencv_rgbd",
					"-lopencv_saliency",
					"-lopencv_sfm",
					"-lopencv_stereo",
					"-lopencv_structured_light",
					"-lopencv_phase_unwrapping",
					"-lopencv_superres",
					"-lopencv_optflow",
					"-lopencv_surface_matching",
					"-lopencv_tracking",
					"-lopencv_highgui",
					"-lopencv_datasets",
					"-lopencv_text",
					"-lopencv_plot",
					"-lopencv_videostab",
					"-lopencv_videoio",
					"-lopencv_viz",
					"-lopencv_wechat_qrcode",
					"-lopencv_xfeatures2d",
					"-lopencv_shape",
					"-lopencv_ml",
					"-lopencv_ximgproc",
					"-lopencv_video",
					"-lopencv_dnn",
					"-lopencv_xobjdetect",
					"-lopencv_objdetect",
					"-lopencv_calib3d",
					"-lopencv_imgcodecs",
					"-lopencv_features2d",
					"-lopencv_flann",
					"-lopencv_xphoto",
					"-lopencv_photo",
					"-lopencv_imgproc",
					"-lopencv_core",
				);
				PRODUCT_NAME = "$(TARGET_NAME)";
			};
			name = Release;
		};
/* End XCBuildConfiguration section */

/* Begin XCConfigurationList section */
		546DFDD12665C34C0005F05E /* Build configuration list for PBXProject "video-to-ascii" */ = {
			isa = XCConfigurationList;
			buildConfigurations = (
				546DFDDB2665C34C0005F05E /* Debug */,
				546DFDDC2665C34C0005F05E /* Release */,
			);
			defaultConfigurationIsVisible = 0;
			defaultConfigurationName = Release;
		};
		546DFDDD2665C34C0005F05E /* Build configuration list for PBXNativeTarget "video-to-ascii" */ = {
			isa = XCConfigurationList;
			buildConfigurations = (
				546DFDDE2665C34C0005F05E /* Debug */,
				546DFDDF2665C34C0005F05E /* Release */,
			);
			defaultConfigurationIsVisible = 0;
			defaultConfigurationName = Release;
		};
/* End XCConfigurationList section */
	};
	rootObject = 546DFDCE2665C34C0005F05E /* Project object */;
}
