
Microsoft Visual Studio Solution File, Format Version 12.00
# Visual Studio Version 16
VisualStudioVersion = 16.0.31320.298
MinimumVisualStudioVersion = 10.0.40219.1
Project("{8BC9CEB8-8B4A-11D0-8D11-00A0C91BC942}") = "VideoToAscii", "VideoToAscii\VideoToAscii.vcxproj", "{31378AB0-0C5A-4CF6-87EF-386C06D62381}"
EndProject
Global
	GlobalSection(SolutionConfigurationPlatforms) = preSolution
		Debug|x64 = Debug|x64
		Debug|x86 = Debug|x86
		Release|x64 = Release|x64
		Release|x86 = Release|x86
	EndGlobalSection
	GlobalSection(ProjectConfigurationPlatforms) = postSolution
		{31378AB0-0C5A-4CF6-87EF-386C06D62381}.Debug|x64.ActiveCfg = Debug|x64
		{31378AB0-0C5A-4CF6-87EF-386C06D62381}.Debug|x64.Build.0 = Debug|x64
		{31378AB0-0C5A-4CF6-87EF-386C06D62381}.Debug|x86.ActiveCfg = Debug|Win32
		{31378AB0-0C5A-4CF6-87EF-386C06D62381}.Debug|x86.Build.0 = Debug|Win32
		{31378AB0-0C5A-4CF6-87EF-386C06D62381}.Release|x64.ActiveCfg = Release|x64
		{31378AB0-0C5A-4CF6-87EF-386C06D62381}.Release|x64.Build.0 = Release|x64
		{31378AB0-0C5A-4CF6-87EF-386C06D62381}.Release|x86.ActiveCfg = Release|Win32
		{31378AB0-0C5A-4CF6-87EF-386C06D62381}.Release|x86.Build.0 = Release|Win32
	EndGlobalSection
	GlobalSection(SolutionProperties) = preSolution
		HideSolutionNode = FALSE
	EndGlobalSection
	GlobalSection(ExtensibilityGlobals) = postSolution
		SolutionGuid = {ED135CF7-9006-4F60-AD21-F8B100A105D6}
	EndGlobalSection
EndGlobal
